
Microsoft Visual Studio Solution File, Format Version 11.00
# Visual Studio 2010
Project("{FAE04EC0-301F-11D3-BF4B-00C04F79EFBC}") = "serviceExtension", "serviceExtension.csproj", "{F16B1EAC-389E-420B-88EF-477E41CC0047}"
EndProject
Global
	GlobalSection(SourceCodeControl) = preSolution
		SccNumberOfProjects = 2
		SccLocalPath0 = .
		SccProjectUniqueName1 = serviceExtension.csproj
		SccLocalPath1 = .
	EndGlobalSection
	GlobalSection(SolutionConfigurationPlatforms) = preSolution
		Debug|Any CPU = Debug|Any CPU
		Release|Any CPU = Release|Any CPU
	EndGlobalSection
	GlobalSection(ProjectConfigurationPlatforms) = postSolution
		{F16B1EAC-389E-420B-88EF-477E41CC0047}.Debug|Any CPU.ActiveCfg = Debug|Any CPU
		{F16B1EAC-389E-420B-88EF-477E41CC0047}.Debug|Any CPU.Build.0 = Debug|Any CPU
		{F16B1EAC-389E-420B-88EF-477E41CC0047}.Release|Any CPU.ActiveCfg = Release|Any CPU
		{F16B1EAC-389E-420B-88EF-477E41CC0047}.Release|Any CPU.Build.0 = Release|Any CPU
	EndGlobalSection
	GlobalSection(SolutionProperties) = preSolution
		HideSolutionNode = FALSE
	EndGlobalSection
EndGlobal
