
Microsoft Visual Studio Solution File, Format Version 11.00
# Visual Studio 2010
Project("{FAE04EC0-301F-11D3-BF4B-00C04F79EFBC}") = "EqSetupClear", "EqSetupClear.csproj", "{3048F990-C7E8-478F-B578-5C83526F3543}"
EndProject
Global
	GlobalSection(SourceCodeControl) = preSolution
		SccNumberOfProjects = 2
		SccLocalPath0 = .
		SccProjectUniqueName1 = EqSetupClear.csproj
		SccLocalPath1 = .
	EndGlobalSection
	GlobalSection(SolutionConfigurationPlatforms) = preSolution
		Debug|Any CPU = Debug|Any CPU
		Release|Any CPU = Release|Any CPU
	EndGlobalSection
	GlobalSection(ProjectConfigurationPlatforms) = postSolution
		{3048F990-C7E8-478F-B578-5C83526F3543}.Debug|Any CPU.ActiveCfg = Debug|Any CPU
		{3048F990-C7E8-478F-B578-5C83526F3543}.Debug|Any CPU.Build.0 = Debug|Any CPU
		{3048F990-C7E8-478F-B578-5C83526F3543}.Release|Any CPU.ActiveCfg = Release|Any CPU
		{3048F990-C7E8-478F-B578-5C83526F3543}.Release|Any CPU.Build.0 = Release|Any CPU
	EndGlobalSection
	GlobalSection(SolutionProperties) = preSolution
		HideSolutionNode = FALSE
	EndGlobalSection
EndGlobal
