
Microsoft Visual Studio Solution File, Format Version 11.00
# Visual Studio 2010
Project("{FAE04EC0-301F-11D3-BF4B-00C04F79EFBC}") = "mesRelease", "mesRelease.csproj", "{5A420C80-8238-4E89-831C-A5F45A7B037D}"
EndProject
Global
	GlobalSection(SourceCodeControl) = preSolution
		SccNumberOfProjects = 2
		SccLocalPath0 = .
		SccProjectUniqueName1 = mesRelease.csproj
		SccLocalPath1 = .
	EndGlobalSection
	GlobalSection(SolutionConfigurationPlatforms) = preSolution
		Debug|Any CPU = Debug|Any CPU
		Release|Any CPU = Release|Any CPU
	EndGlobalSection
	GlobalSection(ProjectConfigurationPlatforms) = postSolution
		{5A420C80-8238-4E89-831C-A5F45A7B037D}.Debug|Any CPU.ActiveCfg = Debug|Any CPU
		{5A420C80-8238-4E89-831C-A5F45A7B037D}.Debug|Any CPU.Build.0 = Debug|Any CPU
		{5A420C80-8238-4E89-831C-A5F45A7B037D}.Release|Any CPU.ActiveCfg = Release|Any CPU
		{5A420C80-8238-4E89-831C-A5F45A7B037D}.Release|Any CPU.Build.0 = Release|Any CPU
	EndGlobalSection
	GlobalSection(SolutionProperties) = preSolution
		HideSolutionNode = FALSE
	EndGlobalSection
EndGlobal
