
Microsoft Visual Studio Solution File, Format Version 11.00
# Visual Studio 2010
Project("{FAE04EC0-301F-11D3-BF4B-00C04F79EFBC}") = "toolingRelease", "toolingRelease.csproj", "{7A8BFC5B-03CD-483D-A207-338E8140F17A}"
EndProject
Global
	GlobalSection(SourceCodeControl) = preSolution
		SccNumberOfProjects = 2
		SccLocalPath0 = .
		SccProjectUniqueName1 = toolingRelease.csproj
		SccLocalPath1 = .
	EndGlobalSection
	GlobalSection(SolutionConfigurationPlatforms) = preSolution
		Debug|Any CPU = Debug|Any CPU
		Release|Any CPU = Release|Any CPU
	EndGlobalSection
	GlobalSection(ProjectConfigurationPlatforms) = postSolution
		{7A8BFC5B-03CD-483D-A207-338E8140F17A}.Debug|Any CPU.ActiveCfg = Debug|Any CPU
		{7A8BFC5B-03CD-483D-A207-338E8140F17A}.Debug|Any CPU.Build.0 = Debug|Any CPU
		{7A8BFC5B-03CD-483D-A207-338E8140F17A}.Release|Any CPU.ActiveCfg = Release|Any CPU
		{7A8BFC5B-03CD-483D-A207-338E8140F17A}.Release|Any CPU.Build.0 = Release|Any CPU
	EndGlobalSection
	GlobalSection(SolutionProperties) = preSolution
		HideSolutionNode = FALSE
	EndGlobalSection
EndGlobal
