
Microsoft Visual Studio Solution File, Format Version 11.00
# Visual Studio 2010
Project("{FAE04EC0-301F-11D3-BF4B-00C04F79EFBC}") = "step_1630", "step_1630.csproj", "{6EB6DE0D-624E-4486-9A2D-92099495449E}"
EndProject
Global
	GlobalSection(SourceCodeControl) = preSolution
		SccNumberOfProjects = 2
		SccLocalPath0 = .
		SccProjectUniqueName1 = step_1630.csproj
		SccLocalPath1 = .
	EndGlobalSection
	GlobalSection(SolutionConfigurationPlatforms) = preSolution
		Debug|Any CPU = Debug|Any CPU
		Release|Any CPU = Release|Any CPU
	EndGlobalSection
	GlobalSection(ProjectConfigurationPlatforms) = postSolution
		{6EB6DE0D-624E-4486-9A2D-92099495449E}.Debug|Any CPU.ActiveCfg = Debug|Any CPU
		{6EB6DE0D-624E-4486-9A2D-92099495449E}.Debug|Any CPU.Build.0 = Debug|Any CPU
		{6EB6DE0D-624E-4486-9A2D-92099495449E}.Release|Any CPU.ActiveCfg = Release|Any CPU
		{6EB6DE0D-624E-4486-9A2D-92099495449E}.Release|Any CPU.Build.0 = Release|Any CPU
	EndGlobalSection
	GlobalSection(SolutionProperties) = preSolution
		HideSolutionNode = FALSE
	EndGlobalSection
EndGlobal
